// !$*UTF8*$!
{
	archiveVersion = 1;
	classes = {
	};
	objectVersion = 48;
	objects = {

/* Begin PBXBuildFile section */
		469149742019033A00088D11 /* UIViewExtension.swift in Sources */ = {isa = PBXBuildFile; fileRef = 469149732019033A00088D11 /* UIViewExtension.swift */; };
		469DF0A1204DE07300471283 /* MixedAnimation.swift in Sources */ = {isa = PBXBuildFile; fileRef = 469DF0A0204DE07300471283 /* MixedAnimation.swift */; };
		469DF0A3204DE07800471283 /* SimpleAnimation.swift in Sources */ = {isa = PBXBuildFile; fileRef = 469DF0A2204DE07800471283 /* SimpleAnimation.swift */; };
		469DF0A5204DE08100471283 /* ChainedAnimation.swift in Sources */ = {isa = PBXBuildFile; fileRef = 469DF0A4204DE08100471283 /* ChainedAnimation.swift */; };
		469DF0A7204DE8A200471283 /* Animation.swift in Sources */ = {isa = PBXBuildFile; fileRef = 469DF0A6204DE8A200471283 /* Animation.swift */; };
		46FB87E620178CF0001D307B /* AppDelegate.swift in Sources */ = {isa = PBXBuildFile; fileRef = 46FB87E520178CF0001D307B /* AppDelegate.swift */; };
		46FB87E820178CF0001D307B /* ViewController.swift in Sources */ = {isa = PBXBuildFile; fileRef = 46FB87E720178CF0001D307B /* ViewController.swift */; };
		46FB87EB20178CF0001D307B /* Main.storyboard in Resources */ = {isa = PBXBuildFile; fileRef = 46FB87E920178CF0001D307B /* Main.storyboard */; };
		46FB87ED20178CF0001D307B /* Assets.xcassets in Resources */ = {isa = PBXBuildFile; fileRef = 46FB87EC20178CF0001D307B /* Assets.xcassets */; };
		46FB87F020178CF0001D307B /* LaunchScreen.storyboard in Resources */ = {isa = PBXBuildFile; fileRef = 46FB87EE20178CF0001D307B /* LaunchScreen.storyboard */; };
/* End PBXBuildFile section */

/* Begin PBXFileReference section */
		469149732019033A00088D11 /* UIViewExtension.swift */ = {isa = PBXFileReference; lastKnownFileType = sourcecode.swift; path = UIViewExtension.swift; sourceTree = "<group>"; };
		469DF0A0204DE07300471283 /* MixedAnimation.swift */ = {isa = PBXFileReference; lastKnownFileType = sourcecode.swift; path = MixedAnimation.swift; sourceTree = "<group>"; };
		469DF0A2204DE07800471283 /* SimpleAnimation.swift */ = {isa = PBXFileReference; lastKnownFileType = sourcecode.swift; path = SimpleAnimation.swift; sourceTree = "<group>"; };
		469DF0A4204DE08100471283 /* ChainedAnimation.swift */ = {isa = PBXFileReference; lastKnownFileType = sourcecode.swift; path = ChainedAnimation.swift; sourceTree = "<group>"; };
		469DF0A6204DE8A200471283 /* Animation.swift */ = {isa = PBXFileReference; lastKnownFileType = sourcecode.swift; path = Animation.swift; sourceTree = "<group>"; };
		46FB87E220178CF0001D307B /* AnimationTest.app */ = {isa = PBXFileReference; explicitFileType = wrapper.application; includeInIndex = 0; path = AnimationTest.app; sourceTree = BUILT_PRODUCTS_DIR; };
		46FB87E520178CF0001D307B /* AppDelegate.swift */ = {isa = PBXFileReference; lastKnownFileType = sourcecode.swift; path = AppDelegate.swift; sourceTree = "<group>"; };
		46FB87E720178CF0001D307B /* ViewController.swift */ = {isa = PBXFileReference; lastKnownFileType = sourcecode.swift; path = ViewController.swift; sourceTree = "<group>"; };
		46FB87EA20178CF0001D307B /* Base */ = {isa = PBXFileReference; lastKnownFileType = file.storyboard; name = Base; path = Base.lproj/Main.storyboard; sourceTree = "<group>"; };
		46FB87EC20178CF0001D307B /* Assets.xcassets */ = {isa = PBXFileReference; lastKnownFileType = folder.assetcatalog; path = Assets.xcassets; sourceTree = "<group>"; };
		46FB87EF20178CF0001D307B /* Base */ = {isa = PBXFileReference; lastKnownFileType = file.storyboard; name = Base; path = Base.lproj/LaunchScreen.storyboard; sourceTree = "<group>"; };
		46FB87F120178CF0001D307B /* Info.plist */ = {isa = PBXFileReference; lastKnownFileType = text.plist.xml; path = Info.plist; sourceTree = "<group>"; };
/* End PBXFileReference section */

/* Begin PBXFrameworksBuildPhase section */
		46FB87DF20178CF0001D307B /* Frameworks */ = {
			isa = PBXFrameworksBuildPhase;
			buildActionMask = 2147483647;
			files = (
			);
			runOnlyForDeploymentPostprocessing = 0;
		};
/* End PBXFrameworksBuildPhase section */

/* Begin PBXGroup section */
		469149722019032400088D11 /* Extensions */ = {
			isa = PBXGroup;
			children = (
				469149732019033A00088D11 /* UIViewExtension.swift */,
				469DF0A0204DE07300471283 /* MixedAnimation.swift */,
				469DF0A2204DE07800471283 /* SimpleAnimation.swift */,
				469DF0A4204DE08100471283 /* ChainedAnimation.swift */,
				469DF0A6204DE8A200471283 /* Animation.swift */,
			);
			path = Extensions;
			sourceTree = "<group>";
		};
		46FB87D920178CF0001D307B = {
			isa = PBXGroup;
			children = (
				46FB87E420178CF0001D307B /* AnimationTest */,
				46FB87E320178CF0001D307B /* Products */,
			);
			sourceTree = "<group>";
		};
		46FB87E320178CF0001D307B /* Products */ = {
			isa = PBXGroup;
			children = (
				46FB87E220178CF0001D307B /* AnimationTest.app */,
			);
			name = Products;
			sourceTree = "<group>";
		};
		46FB87E420178CF0001D307B /* AnimationTest */ = {
			isa = PBXGroup;
			children = (
				469149722019032400088D11 /* Extensions */,
				46FB87E520178CF0001D307B /* AppDelegate.swift */,
				46FB87E720178CF0001D307B /* ViewController.swift */,
				46FB87E920178CF0001D307B /* Main.storyboard */,
				46FB87EC20178CF0001D307B /* Assets.xcassets */,
				46FB87EE20178CF0001D307B /* LaunchScreen.storyboard */,
				46FB87F120178CF0001D307B /* Info.plist */,
			);
			path = AnimationTest;
			sourceTree = "<group>";
		};
/* End PBXGroup section */

/* Begin PBXNativeTarget section */
		46FB87E120178CF0001D307B /* AnimationTest */ = {
			isa = PBXNativeTarget;
			buildConfigurationList = 46FB87F420178CF0001D307B /* Build configuration list for PBXNativeTarget "AnimationTest" */;
			buildPhases = (
				46FB87DE20178CF0001D307B /* Sources */,
				46FB87DF20178CF0001D307B /* Frameworks */,
				46FB87E020178CF0001D307B /* Resources */,
			);
			buildRules = (
			);
			dependencies = (
			);
			name = AnimationTest;
			productName = AnimationTest;
			productReference = 46FB87E220178CF0001D307B /* AnimationTest.app */;
			productType = "com.apple.product-type.application";
		};
/* End PBXNativeTarget section */

/* Begin PBXProject section */
		46FB87DA20178CF0001D307B /* Project object */ = {
			isa = PBXProject;
			attributes = {
				LastSwiftUpdateCheck = 0900;
				LastUpgradeCheck = 0900;
				ORGANIZATIONNAME = wolox;
				TargetAttributes = {
					46FB87E120178CF0001D307B = {
						CreatedOnToolsVersion = 9.0;
						ProvisioningStyle = Automatic;
					};
				};
			};
			buildConfigurationList = 46FB87DD20178CF0001D307B /* Build configuration list for PBXProject "AnimationTest" */;
			compatibilityVersion = "Xcode 8.0";
			developmentRegion = en;
			hasScannedForEncodings = 0;
			knownRegions = (
				en,
				Base,
			);
			mainGroup = 46FB87D920178CF0001D307B;
			productRefGroup = 46FB87E320178CF0001D307B /* Products */;
			projectDirPath = "";
			projectRoot = "";
			targets = (
				46FB87E120178CF0001D307B /* AnimationTest */,
			);
		};
/* End PBXProject section */

/* Begin PBXResourcesBuildPhase section */
		46FB87E020178CF0001D307B /* Resources */ = {
			isa = PBXResourcesBuildPhase;
			buildActionMask = 2147483647;
			files = (
				46FB87F020178CF0001D307B /* LaunchScreen.storyboard in Resources */,
				46FB87ED20178CF0001D307B /* Assets.xcassets in Resources */,
				46FB87EB20178CF0001D307B /* Main.storyboard in Resources */,
			);
			runOnlyForDeploymentPostprocessing = 0;
		};
/* End PBXResourcesBuildPhase section */

/* Begin PBXSourcesBuildPhase section */
		46FB87DE20178CF0001D307B /* Sources */ = {
			isa = PBXSourcesBuildPhase;
			buildActionMask = 2147483647;
			files = (
				469149742019033A00088D11 /* UIViewExtension.swift in Sources */,
				46FB87E820178CF0001D307B /* ViewController.swift in Sources */,
				469DF0A1204DE07300471283 /* MixedAnimation.swift in Sources */,
				469DF0A5204DE08100471283 /* ChainedAnimation.swift in Sources */,
				46FB87E620178CF0001D307B /* AppDelegate.swift in Sources */,
				469DF0A7204DE8A200471283 /* Animation.swift in Sources */,
				469DF0A3204DE07800471283 /* SimpleAnimation.swift in Sources */,
			);
			runOnlyForDeploymentPostprocessing = 0;
		};
/* End PBXSourcesBuildPhase section */

/* Begin PBXVariantGroup section */
		46FB87E920178CF0001D307B /* Main.storyboard */ = {
			isa = PBXVariantGroup;
			children = (
				46FB87EA20178CF0001D307B /* Base */,
			);
			name = Main.storyboard;
			sourceTree = "<group>";
		};
		46FB87EE20178CF0001D307B /* LaunchScreen.storyboard */ = {
			isa = PBXVariantGroup;
			children = (
				46FB87EF20178CF0001D307B /* Base */,
			);
			name = LaunchScreen.storyboard;
			sourceTree = "<group>";
		};
/* End PBXVariantGroup section */

/* Begin XCBuildConfiguration section */
		46FB87F220178CF0001D307B /* Debug */ = {
			isa = XCBuildConfiguration;
			buildSettings = {
				ALWAYS_SEARCH_USER_PATHS = NO;
				CLANG_ANALYZER_NONNULL = YES;
				CLANG_ANALYZER_NUMBER_OBJECT_CONVERSION = YES_AGGRESSIVE;
				CLANG_CXX_LANGUAGE_STANDARD = "gnu++14";
				CLANG_CXX_LIBRARY = "libc++";
				CLANG_ENABLE_MODULES = YES;
				CLANG_ENABLE_OBJC_ARC = YES;
				CLANG_WARN_BLOCK_CAPTURE_AUTORELEASING = YES;
				CLANG_WARN_BOOL_CONVERSION = YES;
				CLANG_WARN_COMMA = YES;
				CLANG_WARN_CONSTANT_CONVERSION = YES;
				CLANG_WARN_DIRECT_OBJC_ISA_USAGE = YES_ERROR;
				CLANG_WARN_DOCUMENTATION_COMMENTS = YES;
				CLANG_WARN_EMPTY_BODY = YES;
				CLANG_WARN_ENUM_CONVERSION = YES;
				CLANG_WARN_INFINITE_RECURSION = YES;
				CLANG_WARN_INT_CONVERSION = YES;
				CLANG_WARN_NON_LITERAL_NULL_CONVERSION = YES;
				CLANG_WARN_OBJC_LITERAL_CONVERSION = YES;
				CLANG_WARN_OBJC_ROOT_CLASS = YES_ERROR;
				CLANG_WARN_RANGE_LOOP_ANALYSIS = YES;
				CLANG_WARN_STRICT_PROTOTYPES = YES;
				CLANG_WARN_SUSPICIOUS_MOVE = YES;
				CLANG_WARN_UNGUARDED_AVAILABILITY = YES_AGGRESSIVE;
				CLANG_WARN_UNREACHABLE_CODE = YES;
				CLANG_WARN__DUPLICATE_METHOD_MATCH = YES;
				CODE_SIGN_IDENTITY = "iPhone Developer";
				COPY_PHASE_STRIP = NO;
				DEBUG_INFORMATION_FORMAT = dwarf;
				ENABLE_STRICT_OBJC_MSGSEND = YES;
				ENABLE_TESTABILITY = YES;
				GCC_C_LANGUAGE_STANDARD = gnu11;
				GCC_DYNAMIC_NO_PIC = NO;
				GCC_NO_COMMON_BLOCKS = YES;
				GCC_OPTIMIZATION_LEVEL = 0;
				GCC_PREPROCESSOR_DEFINITIONS = (
					"DEBUG=1",
					"$(inherited)",
				);
				GCC_WARN_64_TO_32_BIT_CONVERSION = YES;
				GCC_WARN_ABOUT_RETURN_TYPE = YES_ERROR;
				GCC_WARN_UNDECLARED_SELECTOR = YES;
				GCC_WARN_UNINITIALIZED_AUTOS = YES_AGGRESSIVE;
				GCC_WARN_UNUSED_FUNCTION = YES;
				GCC_WARN_UNUSED_VARIABLE = YES;
				IPHONEOS_DEPLOYMENT_TARGET = 11.0;
				MTL_ENABLE_DEBUG_INFO = YES;
				ONLY_ACTIVE_ARCH = YES;
				SDKROOT = iphoneos;
				SWIFT_ACTIVE_COMPILATION_CONDITIONS = DEBUG;
				SWIFT_OPTIMIZATION_LEVEL = "-Onone";
			};
			name = Debug;
		};
		46FB87F320178CF0001D307B /* Release */ = {
			isa = XCBuildConfiguration;
			buildSettings = {
				ALWAYS_SEARCH_USER_PATHS = NO;
				CLANG_ANALYZER_NONNULL = YES;
				CLANG_ANALYZER_NUMBER_OBJECT_CONVERSION = YES_AGGRESSIVE;
				CLANG_CXX_LANGUAGE_STANDARD = "gnu++14";
				CLANG_CXX_LIBRARY = "libc++";
				CLANG_ENABLE_MODULES = YES;
				CLANG_ENABLE_OBJC_ARC = YES;
				CLANG_WARN_BLOCK_CAPTURE_AUTORELEASING = YES;
				CLANG_WARN_BOOL_CONVERSION = YES;
				CLANG_WARN_COMMA = YES;
				CLANG_WARN_CONSTANT_CONVERSION = YES;
				CLANG_WARN_DIRECT_OBJC_ISA_USAGE = YES_ERROR;
				CLANG_WARN_DOCUMENTATION_COMMENTS = YES;
				CLANG_WARN_EMPTY_BODY = YES;
				CLANG_WARN_ENUM_CONVERSION = YES;
				CLANG_WARN_INFINITE_RECURSION = YES;
				CLANG_WARN_INT_CONVERSION = YES;
				CLANG_WARN_NON_LITERAL_NULL_CONVERSION = YES;
				CLANG_WARN_OBJC_LITERAL_CONVERSION = YES;
				CLANG_WARN_OBJC_ROOT_CLASS = YES_ERROR;
				CLANG_WARN_RANGE_LOOP_ANALYSIS = YES;
				CLANG_WARN_STRICT_PROTOTYPES = YES;
				CLANG_WARN_SUSPICIOUS_MOVE = YES;
				CLANG_WARN_UNGUARDED_AVAILABILITY = YES_AGGRESSIVE;
				CLANG_WARN_UNREACHABLE_CODE = YES;
				CLANG_WARN__DUPLICATE_METHOD_MATCH = YES;
				CODE_SIGN_IDENTITY = "iPhone Developer";
				COPY_PHASE_STRIP = NO;
				DEBUG_INFORMATION_FORMAT = "dwarf-with-dsym";
				ENABLE_NS_ASSERTIONS = NO;
				ENABLE_STRICT_OBJC_MSGSEND = YES;
				GCC_C_LANGUAGE_STANDARD = gnu11;
				GCC_NO_COMMON_BLOCKS = YES;
				GCC_WARN_64_TO_32_BIT_CONVERSION = YES;
				GCC_WARN_ABOUT_RETURN_TYPE = YES_ERROR;
				GCC_WARN_UNDECLARED_SELECTOR = YES;
				GCC_WARN_UNINITIALIZED_AUTOS = YES_AGGRESSIVE;
				GCC_WARN_UNUSED_FUNCTION = YES;
				GCC_WARN_UNUSED_VARIABLE = YES;
				IPHONEOS_DEPLOYMENT_TARGET = 11.0;
				MTL_ENABLE_DEBUG_INFO = NO;
				SDKROOT = iphoneos;
				SWIFT_OPTIMIZATION_LEVEL = "-Owholemodule";
				VALIDATE_PRODUCT = YES;
			};
			name = Release;
		};
		46FB87F520178CF0001D307B /* Debug */ = {
			isa = XCBuildConfiguration;
			buildSettings = {
				ASSETCATALOG_COMPILER_APPICON_NAME = AppIcon;
				CODE_SIGN_STYLE = Automatic;
				DEVELOPMENT_TEAM = 7XS5GQGS29;
				INFOPLIST_FILE = AnimationTest/Info.plist;
				LD_RUNPATH_SEARCH_PATHS = "$(inherited) @executable_path/Frameworks";
				PRODUCT_BUNDLE_IDENTIFIER = ar.com.wolox.AnimationTest;
				PRODUCT_NAME = "$(TARGET_NAME)";
				SWIFT_VERSION = 4.0;
				TARGETED_DEVICE_FAMILY = "1,2";
			};
			name = Debug;
		};
		46FB87F620178CF0001D307B /* Release */ = {
			isa = XCBuildConfiguration;
			buildSettings = {
				ASSETCATALOG_COMPILER_APPICON_NAME = AppIcon;
				CODE_SIGN_STYLE = Automatic;
				DEVELOPMENT_TEAM = 7XS5GQGS29;
				INFOPLIST_FILE = AnimationTest/Info.plist;
				LD_RUNPATH_SEARCH_PATHS = "$(inherited) @executable_path/Frameworks";
				PRODUCT_BUNDLE_IDENTIFIER = ar.com.wolox.AnimationTest;
				PRODUCT_NAME = "$(TARGET_NAME)";
				SWIFT_VERSION = 4.0;
				TARGETED_DEVICE_FAMILY = "1,2";
			};
			name = Release;
		};
/* End XCBuildConfiguration section */

/* Begin XCConfigurationList section */
		46FB87DD20178CF0001D307B /* Build configuration list for PBXProject "AnimationTest" */ = {
			isa = XCConfigurationList;
			buildConfigurations = (
				46FB87F220178CF0001D307B /* Debug */,
				46FB87F320178CF0001D307B /* Release */,
			);
			defaultConfigurationIsVisible = 0;
			defaultConfigurationName = Release;
		};
		46FB87F420178CF0001D307B /* Build configuration list for PBXNativeTarget "AnimationTest" */ = {
			isa = XCConfigurationList;
			buildConfigurations = (
				46FB87F520178CF0001D307B /* Debug */,
				46FB87F620178CF0001D307B /* Release */,
			);
			defaultConfigurationIsVisible = 0;
			defaultConfigurationName = Release;
		};
/* End XCConfigurationList section */
	};
	rootObject = 46FB87DA20178CF0001D307B /* Project object */;
}
